
Microsoft Visual Studio Solution File, Format Version 12.00
# Visual Studio Version 16
VisualStudioVersion = 16.0.30503.244
MinimumVisualStudioVersion = 10.0.40219.1
Project("{FAE04EC0-301F-11D3-BF4B-00C04F79EFBC}") = "AirportProgram", "AirportProgram.csproj", "{CB6322FF-1097-4050-926A-5B46EA4293CA}"
EndProject
Global
	GlobalSection(SolutionConfigurationPlatforms) = preSolution
		Debug|Any CPU = Debug|Any CPU
		Release|Any CPU = Release|Any CPU
	EndGlobalSection
	GlobalSection(ProjectConfigurationPlatforms) = postSolution
		{CB6322FF-1097-4050-926A-5B46EA4293CA}.Debug|Any CPU.ActiveCfg = Debug|Any CPU
		{CB6322FF-1097-4050-926A-5B46EA4293CA}.Debug|Any CPU.Build.0 = Debug|Any CPU
		{CB6322FF-1097-4050-926A-5B46EA4293CA}.Release|Any CPU.ActiveCfg = Release|Any CPU
		{CB6322FF-1097-4050-926A-5B46EA4293CA}.Release|Any CPU.Build.0 = Release|Any CPU
	EndGlobalSection
	GlobalSection(SolutionProperties) = preSolution
		HideSolutionNode = FALSE
	EndGlobalSection
	GlobalSection(ExtensibilityGlobals) = postSolution
		SolutionGuid = {3C61D859-04A1-407D-9C95-17CE328D8F96}
	EndGlobalSection
EndGlobal
